
Microsoft Visual Studio Solution File, Format Version 12.00
# Visual Studio Version 16
VisualStudioVersion = 16.0.33328.57
MinimumVisualStudioVersion = 10.0.40219.1
Project("{FAE04EC0-301F-11D3-BF4B-00C04F79EFBC}") = "PryPerezFederico", "PryPerezFederico.csproj", "{4E78E22C-C98F-4DE1-A492-026A5DB10F76}"
EndProject
Global
	GlobalSection(SolutionConfigurationPlatforms) = preSolution
		Debug|Any CPU = Debug|Any CPU
		Release|Any CPU = Release|Any CPU
	EndGlobalSection
	GlobalSection(ProjectConfigurationPlatforms) = postSolution
		{4E78E22C-C98F-4DE1-A492-026A5DB10F76}.Debug|Any CPU.ActiveCfg = Debug|Any CPU
		{4E78E22C-C98F-4DE1-A492-026A5DB10F76}.Debug|Any CPU.Build.0 = Debug|Any CPU
		{4E78E22C-C98F-4DE1-A492-026A5DB10F76}.Release|Any CPU.ActiveCfg = Release|Any CPU
		{4E78E22C-C98F-4DE1-A492-026A5DB10F76}.Release|Any CPU.Build.0 = Release|Any CPU
	EndGlobalSection
	GlobalSection(SolutionProperties) = preSolution
		HideSolutionNode = FALSE
	EndGlobalSection
	GlobalSection(ExtensibilityGlobals) = postSolution
		SolutionGuid = {A7B6C675-93AE-4B89-A483-25D346DF0A1E}
	EndGlobalSection
EndGlobal
